
Microsoft Visual Studio Solution File, Format Version 12.00
# Visual Studio Version 17
VisualStudioVersion = 17.9.34723.18
MinimumVisualStudioVersion = 10.0.40219.1
Project("{FAE04EC0-301F-11D3-BF4B-00C04F79EFBC}") = "CudaLoadConsole", "CudaLoadConsole/CudaLoadConsole.csproj", "{B8C43547-2F88-4784-BE9B-23AACDBD4DE2}"
EndProject
Global
	GlobalSection(SolutionConfigurationPlatforms) = preSolution
		Debug|Any CPU = Debug|Any CPU
		Release|Any CPU = Release|Any CPU
	EndGlobalSection
	GlobalSection(ProjectConfigurationPlatforms) = postSolution
		{B8C43547-2F88-4784-BE9B-23AACDBD4DE2}.Debug|Any CPU.ActiveCfg = Debug|Any CPU
		{B8C43547-2F88-4784-BE9B-23AACDBD4DE2}.Debug|Any CPU.Build.0 = Debug|Any CPU
		{B8C43547-2F88-4784-BE9B-23AACDBD4DE2}.Release|Any CPU.ActiveCfg = Release|Any CPU
		{B8C43547-2F88-4784-BE9B-23AACDBD4DE2}.Release|Any CPU.Build.0 = Release|Any CPU
	EndGlobalSection
	GlobalSection(SolutionProperties) = preSolution
		HideSolutionNode = FALSE
	EndGlobalSection
	GlobalSection(ExtensibilityGlobals) = postSolution
		SolutionGuid = {821CE93E-C41D-474B-A606-1372ECD86871}
	EndGlobalSection
EndGlobal
